
Microsoft Visual Studio Solution File, Format Version 12.00
# Visual Studio Version 16
VisualStudioVersion = 16.0.31112.23
MinimumVisualStudioVersion = 10.0.40219.1
Project("{FAE04EC0-301F-11D3-BF4B-00C04F79EFBC}") = "SingleSessionApp", "SingleSessionApp\SingleSessionApp.csproj", "{A0A990CD-F3F1-4697-B900-3F2A3637F8A9}"
EndProject
Project("{FAE04EC0-301F-11D3-BF4B-00C04F79EFBC}") = "SingleSession.ModelLayer", "SingleSession.ModelLayer\SingleSession.ModelLayer.csproj", "{7C87BA93-7832-470B-8645-E06B9AE7F7A7}"
EndProject
Project("{FAE04EC0-301F-11D3-BF4B-00C04F79EFBC}") = "SingleSession.DataAccessLayer", "SingleSession.DataAccessLayer\SingleSession.DataAccessLayer.csproj", "{79D0286C-0948-48A5-A58D-50A9873BA253}"
EndProject
Project("{FAE04EC0-301F-11D3-BF4B-00C04F79EFBC}") = "SingleSession.BusinessLayer", "SingleSession.BusinessLayer\SingleSession.BusinessLayer.csproj", "{F6880206-4BD7-449A-B619-F6867BF93DB2}"
EndProject
Global
	GlobalSection(SolutionConfigurationPlatforms) = preSolution
		Debug|Any CPU = Debug|Any CPU
		Release|Any CPU = Release|Any CPU
	EndGlobalSection
	GlobalSection(ProjectConfigurationPlatforms) = postSolution
		{A0A990CD-F3F1-4697-B900-3F2A3637F8A9}.Debug|Any CPU.ActiveCfg = Debug|Any CPU
		{A0A990CD-F3F1-4697-B900-3F2A3637F8A9}.Debug|Any CPU.Build.0 = Debug|Any CPU
		{A0A990CD-F3F1-4697-B900-3F2A3637F8A9}.Release|Any CPU.ActiveCfg = Release|Any CPU
		{A0A990CD-F3F1-4697-B900-3F2A3637F8A9}.Release|Any CPU.Build.0 = Release|Any CPU
		{7C87BA93-7832-470B-8645-E06B9AE7F7A7}.Debug|Any CPU.ActiveCfg = Debug|Any CPU
		{7C87BA93-7832-470B-8645-E06B9AE7F7A7}.Debug|Any CPU.Build.0 = Debug|Any CPU
		{7C87BA93-7832-470B-8645-E06B9AE7F7A7}.Release|Any CPU.ActiveCfg = Release|Any CPU
		{7C87BA93-7832-470B-8645-E06B9AE7F7A7}.Release|Any CPU.Build.0 = Release|Any CPU
		{79D0286C-0948-48A5-A58D-50A9873BA253}.Debug|Any CPU.ActiveCfg = Debug|Any CPU
		{79D0286C-0948-48A5-A58D-50A9873BA253}.Debug|Any CPU.Build.0 = Debug|Any CPU
		{79D0286C-0948-48A5-A58D-50A9873BA253}.Release|Any CPU.ActiveCfg = Release|Any CPU
		{79D0286C-0948-48A5-A58D-50A9873BA253}.Release|Any CPU.Build.0 = Release|Any CPU
		{F6880206-4BD7-449A-B619-F6867BF93DB2}.Debug|Any CPU.ActiveCfg = Debug|Any CPU
		{F6880206-4BD7-449A-B619-F6867BF93DB2}.Debug|Any CPU.Build.0 = Debug|Any CPU
		{F6880206-4BD7-449A-B619-F6867BF93DB2}.Release|Any CPU.ActiveCfg = Release|Any CPU
		{F6880206-4BD7-449A-B619-F6867BF93DB2}.Release|Any CPU.Build.0 = Release|Any CPU
	EndGlobalSection
	GlobalSection(SolutionProperties) = preSolution
		HideSolutionNode = FALSE
	EndGlobalSection
	GlobalSection(ExtensibilityGlobals) = postSolution
		SolutionGuid = {D6DCBE4D-DCAA-492F-B0DA-B8B0C4E4D580}
	EndGlobalSection
EndGlobal
